
Microsoft Visual Studio Solution File, Format Version 12.00
# Visual Studio Version 16
VisualStudioVersion = 16.0.30011.22
MinimumVisualStudioVersion = 10.0.40219.1
Project("{9A19103F-16F7-4668-BE54-9A1E7A4F7556}") = "Control", "Control.csproj", "{E2AC4F85-D508-43E8-9902-54EF08CA8DEB}"
EndProject
Project("{9A19103F-16F7-4668-BE54-9A1E7A4F7556}") = "MyHashFunction", "..\..\..\source\repos\MyHashFunction\MyHashFunction\MyHashFunction.csproj", "{73C45654-EBFB-48B3-BD9A-F23AAB28FF0A}"
EndProject
Global
	GlobalSection(SolutionConfigurationPlatforms) = preSolution
		Debug|Any CPU = Debug|Any CPU
		Release|Any CPU = Release|Any CPU
	EndGlobalSection
	GlobalSection(ProjectConfigurationPlatforms) = postSolution
		{E2AC4F85-D508-43E8-9902-54EF08CA8DEB}.Debug|Any CPU.ActiveCfg = Debug|Any CPU
		{E2AC4F85-D508-43E8-9902-54EF08CA8DEB}.Debug|Any CPU.Build.0 = Debug|Any CPU
		{E2AC4F85-D508-43E8-9902-54EF08CA8DEB}.Release|Any CPU.ActiveCfg = Release|Any CPU
		{E2AC4F85-D508-43E8-9902-54EF08CA8DEB}.Release|Any CPU.Build.0 = Release|Any CPU
		{73C45654-EBFB-48B3-BD9A-F23AAB28FF0A}.Debug|Any CPU.ActiveCfg = Debug|Any CPU
		{73C45654-EBFB-48B3-BD9A-F23AAB28FF0A}.Debug|Any CPU.Build.0 = Debug|Any CPU
		{73C45654-EBFB-48B3-BD9A-F23AAB28FF0A}.Release|Any CPU.ActiveCfg = Release|Any CPU
		{73C45654-EBFB-48B3-BD9A-F23AAB28FF0A}.Release|Any CPU.Build.0 = Release|Any CPU
	EndGlobalSection
	GlobalSection(SolutionProperties) = preSolution
		HideSolutionNode = FALSE
	EndGlobalSection
	GlobalSection(ExtensibilityGlobals) = postSolution
		SolutionGuid = {AF5F862C-D765-4A67-952E-A6E0176EF43B}
	EndGlobalSection
EndGlobal
